
Microsoft Visual Studio Solution File, Format Version 12.00
# Visual Studio 15
VisualStudioVersion = 15.0.28307.1267
MinimumVisualStudioVersion = 10.0.40219.1
Project("{FAE04EC0-301F-11D3-BF4B-00C04F79EFBC}") = "ClientReservasi-085", "ClientReservasi-085\ClientReservasi-085.csproj", "{A9548E28-1018-4E3D-8AF1-D25FF33F5550}"
EndProject
Global
	GlobalSection(SolutionConfigurationPlatforms) = preSolution
		Debug|Any CPU = Debug|Any CPU
		Release|Any CPU = Release|Any CPU
	EndGlobalSection
	GlobalSection(ProjectConfigurationPlatforms) = postSolution
		{A9548E28-1018-4E3D-8AF1-D25FF33F5550}.Debug|Any CPU.ActiveCfg = Debug|Any CPU
		{A9548E28-1018-4E3D-8AF1-D25FF33F5550}.Debug|Any CPU.Build.0 = Debug|Any CPU
		{A9548E28-1018-4E3D-8AF1-D25FF33F5550}.Release|Any CPU.ActiveCfg = Release|Any CPU
		{A9548E28-1018-4E3D-8AF1-D25FF33F5550}.Release|Any CPU.Build.0 = Release|Any CPU
	EndGlobalSection
	GlobalSection(SolutionProperties) = preSolution
		HideSolutionNode = FALSE
	EndGlobalSection
	GlobalSection(ExtensibilityGlobals) = postSolution
		SolutionGuid = {F7FD42E4-E313-4B83-A623-7C4A8218BD50}
	EndGlobalSection
EndGlobal
